
Microsoft Visual Studio Solution File, Format Version 12.00
# Visual Studio Version 17
VisualStudioVersion = 17.4.33213.308
MinimumVisualStudioVersion = 10.0.40219.1
Project("{FAE04EC0-301F-11D3-BF4B-00C04F79EFBC}") = "SystemHW1", "SystemHW1\SystemHW1.csproj", "{AF95E401-A69C-4212-8132-275B66FBDD1D}"
EndProject
Global
	GlobalSection(SolutionConfigurationPlatforms) = preSolution
		Debug|Any CPU = Debug|Any CPU
		Release|Any CPU = Release|Any CPU
	EndGlobalSection
	GlobalSection(ProjectConfigurationPlatforms) = postSolution
		{AF95E401-A69C-4212-8132-275B66FBDD1D}.Debug|Any CPU.ActiveCfg = Debug|Any CPU
		{AF95E401-A69C-4212-8132-275B66FBDD1D}.Debug|Any CPU.Build.0 = Debug|Any CPU
		{AF95E401-A69C-4212-8132-275B66FBDD1D}.Release|Any CPU.ActiveCfg = Release|Any CPU
		{AF95E401-A69C-4212-8132-275B66FBDD1D}.Release|Any CPU.Build.0 = Release|Any CPU
	EndGlobalSection
	GlobalSection(SolutionProperties) = preSolution
		HideSolutionNode = FALSE
	EndGlobalSection
	GlobalSection(ExtensibilityGlobals) = postSolution
		SolutionGuid = {DE785DA0-083E-4E30-AE80-AF65BF583282}
	EndGlobalSection
EndGlobal
